
Microsoft Visual Studio Solution File, Format Version 12.00
# Visual Studio 15
Project("{FAE04EC0-301F-11D3-BF4B-00C04F79EFBC}") = "Assembly-CSharp-Editor", "Assembly-CSharp-Editor.csproj", "{2FBAA2C6-6695-7F69-598E-1F4E8241539C}"
EndProject
Project("{FAE04EC0-301F-11D3-BF4B-00C04F79EFBC}") = "Assembly-CSharp", "Assembly-CSharp.csproj", "{93B879F2-846A-D8FD-F2C4-DF4D8FED3933}"
EndProject
Global
	GlobalSection(SolutionConfigurationPlatforms) = preSolution
		Debug|Any CPU = Debug|Any CPU
		Release|Any CPU = Release|Any CPU
	EndGlobalSection
	GlobalSection(ProjectConfigurationPlatforms) = postSolution
		{2FBAA2C6-6695-7F69-598E-1F4E8241539C}.Debug|Any CPU.ActiveCfg = Debug|Any CPU
		{2FBAA2C6-6695-7F69-598E-1F4E8241539C}.Debug|Any CPU.Build.0 = Debug|Any CPU
		{2FBAA2C6-6695-7F69-598E-1F4E8241539C}.Release|Any CPU.ActiveCfg = Release|Any CPU
		{2FBAA2C6-6695-7F69-598E-1F4E8241539C}.Release|Any CPU.Build.0 = Release|Any CPU
		{93B879F2-846A-D8FD-F2C4-DF4D8FED3933}.Debug|Any CPU.ActiveCfg = Debug|Any CPU
		{93B879F2-846A-D8FD-F2C4-DF4D8FED3933}.Debug|Any CPU.Build.0 = Debug|Any CPU
		{93B879F2-846A-D8FD-F2C4-DF4D8FED3933}.Release|Any CPU.ActiveCfg = Release|Any CPU
		{93B879F2-846A-D8FD-F2C4-DF4D8FED3933}.Release|Any CPU.Build.0 = Release|Any CPU
	EndGlobalSection
	GlobalSection(SolutionProperties) = preSolution
		HideSolutionNode = FALSE
	EndGlobalSection
EndGlobal
